
Microsoft Visual Studio Solution File, Format Version 12.00
# Visual Studio Version 17
VisualStudioVersion = 17.9.34728.123
MinimumVisualStudioVersion = 10.0.40219.1
Project("{9A19103F-16F7-4668-BE54-9A1E7A4F7556}") = "vize", "vize\vize.csproj", "{2762EAA9-7E5E-46FE-A470-CE679A1D6764}"
EndProject
Project("{FAE04EC0-301F-11D3-BF4B-00C04F79EFBC}") = "vize.UI", "vize.UI\vize.UI.csproj", "{78E4634F-516E-41C3-9BD2-439252644735}"
EndProject
Global
	GlobalSection(SolutionConfigurationPlatforms) = preSolution
		Debug|Any CPU = Debug|Any CPU
		Release|Any CPU = Release|Any CPU
	EndGlobalSection
	GlobalSection(ProjectConfigurationPlatforms) = postSolution
		{2762EAA9-7E5E-46FE-A470-CE679A1D6764}.Debug|Any CPU.ActiveCfg = Debug|Any CPU
		{2762EAA9-7E5E-46FE-A470-CE679A1D6764}.Debug|Any CPU.Build.0 = Debug|Any CPU
		{2762EAA9-7E5E-46FE-A470-CE679A1D6764}.Release|Any CPU.ActiveCfg = Release|Any CPU
		{2762EAA9-7E5E-46FE-A470-CE679A1D6764}.Release|Any CPU.Build.0 = Release|Any CPU
		{78E4634F-516E-41C3-9BD2-439252644735}.Debug|Any CPU.ActiveCfg = Debug|Any CPU
		{78E4634F-516E-41C3-9BD2-439252644735}.Debug|Any CPU.Build.0 = Debug|Any CPU
		{78E4634F-516E-41C3-9BD2-439252644735}.Release|Any CPU.ActiveCfg = Release|Any CPU
		{78E4634F-516E-41C3-9BD2-439252644735}.Release|Any CPU.Build.0 = Release|Any CPU
	EndGlobalSection
	GlobalSection(SolutionProperties) = preSolution
		HideSolutionNode = FALSE
	EndGlobalSection
	GlobalSection(ExtensibilityGlobals) = postSolution
		SolutionGuid = {47FF93D8-698B-44B1-AE58-3EE12526983D}
	EndGlobalSection
EndGlobal
